
Microsoft Visual Studio Solution File, Format Version 12.00
# Visual Studio 15
VisualStudioVersion = 15.0.27004.2002
MinimumVisualStudioVersion = 10.0.40219.1
Project("{FAE04EC0-301F-11D3-BF4B-00C04F79EFBC}") = "zad1", "zad1\zad1.csproj", "{D4258492-8888-4FF2-AEE0-F79EFD2B62EB}"
EndProject
Project("{FAE04EC0-301F-11D3-BF4B-00C04F79EFBC}") = "WebAplikacija", "WebAplikacija\WebAplikacija.csproj", "{B4760134-75C0-4233-95F3-FBD30E6DE1C8}"
EndProject
Global
	GlobalSection(SolutionConfigurationPlatforms) = preSolution
		Debug|Any CPU = Debug|Any CPU
		Release|Any CPU = Release|Any CPU
	EndGlobalSection
	GlobalSection(ProjectConfigurationPlatforms) = postSolution
		{D4258492-8888-4FF2-AEE0-F79EFD2B62EB}.Debug|Any CPU.ActiveCfg = Debug|Any CPU
		{D4258492-8888-4FF2-AEE0-F79EFD2B62EB}.Debug|Any CPU.Build.0 = Debug|Any CPU
		{D4258492-8888-4FF2-AEE0-F79EFD2B62EB}.Release|Any CPU.ActiveCfg = Release|Any CPU
		{D4258492-8888-4FF2-AEE0-F79EFD2B62EB}.Release|Any CPU.Build.0 = Release|Any CPU
		{B4760134-75C0-4233-95F3-FBD30E6DE1C8}.Debug|Any CPU.ActiveCfg = Debug|Any CPU
		{B4760134-75C0-4233-95F3-FBD30E6DE1C8}.Debug|Any CPU.Build.0 = Debug|Any CPU
		{B4760134-75C0-4233-95F3-FBD30E6DE1C8}.Release|Any CPU.ActiveCfg = Release|Any CPU
		{B4760134-75C0-4233-95F3-FBD30E6DE1C8}.Release|Any CPU.Build.0 = Release|Any CPU
	EndGlobalSection
	GlobalSection(SolutionProperties) = preSolution
		HideSolutionNode = FALSE
	EndGlobalSection
	GlobalSection(ExtensibilityGlobals) = postSolution
		SolutionGuid = {B8619A88-A41A-4552-B149-2FE3045E1E2B}
	EndGlobalSection
EndGlobal
